
Microsoft Visual Studio Solution File, Format Version 12.00
# Visual Studio 15
VisualStudioVersion = 15.0.28307.572
MinimumVisualStudioVersion = 10.0.40219.1
Project("{FAE04EC0-301F-11D3-BF4B-00C04F79EFBC}") = "MRMMVC", "MRMMVC\MRMMVC.csproj", "{9F8D29B7-B3C4-4975-ADD5-F5171157ADF1}"
EndProject
Project("{FAE04EC0-301F-11D3-BF4B-00C04F79EFBC}") = "MRMMVCTest", "MRMMVCTest\MRMMVCTest.csproj", "{EE33910B-32B7-4CBE-9DF9-6B15F0DBBB49}"
EndProject
Global
	GlobalSection(SolutionConfigurationPlatforms) = preSolution
		Debug|Any CPU = Debug|Any CPU
		Release|Any CPU = Release|Any CPU
	EndGlobalSection
	GlobalSection(ProjectConfigurationPlatforms) = postSolution
		{9F8D29B7-B3C4-4975-ADD5-F5171157ADF1}.Debug|Any CPU.ActiveCfg = Debug|Any CPU
		{9F8D29B7-B3C4-4975-ADD5-F5171157ADF1}.Debug|Any CPU.Build.0 = Debug|Any CPU
		{9F8D29B7-B3C4-4975-ADD5-F5171157ADF1}.Release|Any CPU.ActiveCfg = Release|Any CPU
		{9F8D29B7-B3C4-4975-ADD5-F5171157ADF1}.Release|Any CPU.Build.0 = Release|Any CPU
		{EE33910B-32B7-4CBE-9DF9-6B15F0DBBB49}.Debug|Any CPU.ActiveCfg = Debug|Any CPU
		{EE33910B-32B7-4CBE-9DF9-6B15F0DBBB49}.Debug|Any CPU.Build.0 = Debug|Any CPU
		{EE33910B-32B7-4CBE-9DF9-6B15F0DBBB49}.Release|Any CPU.ActiveCfg = Release|Any CPU
		{EE33910B-32B7-4CBE-9DF9-6B15F0DBBB49}.Release|Any CPU.Build.0 = Release|Any CPU
	EndGlobalSection
	GlobalSection(SolutionProperties) = preSolution
		HideSolutionNode = FALSE
	EndGlobalSection
	GlobalSection(ExtensibilityGlobals) = postSolution
		SolutionGuid = {06EAF1AE-1B39-4776-B7EE-D36351029993}
	EndGlobalSection
EndGlobal
